
Microsoft Visual Studio Solution File, Format Version 12.00
# Visual Studio Version 16
VisualStudioVersion = 16.0.31424.327
MinimumVisualStudioVersion = 10.0.40219.1
Project("{FAE04EC0-301F-11D3-BF4B-00C04F79EFBC}") = "Platform", "Platform\Platform.csproj", "{D47E9AF4-5264-4E7A-A0AC-07A383CE17C6}"
EndProject
Global
	GlobalSection(SolutionConfigurationPlatforms) = preSolution
		Debug|Any CPU = Debug|Any CPU
		Release|Any CPU = Release|Any CPU
	EndGlobalSection
	GlobalSection(ProjectConfigurationPlatforms) = postSolution
		{D47E9AF4-5264-4E7A-A0AC-07A383CE17C6}.Debug|Any CPU.ActiveCfg = Debug|Any CPU
		{D47E9AF4-5264-4E7A-A0AC-07A383CE17C6}.Debug|Any CPU.Build.0 = Debug|Any CPU
		{D47E9AF4-5264-4E7A-A0AC-07A383CE17C6}.Release|Any CPU.ActiveCfg = Release|Any CPU
		{D47E9AF4-5264-4E7A-A0AC-07A383CE17C6}.Release|Any CPU.Build.0 = Release|Any CPU
	EndGlobalSection
	GlobalSection(SolutionProperties) = preSolution
		HideSolutionNode = FALSE
	EndGlobalSection
	GlobalSection(ExtensibilityGlobals) = postSolution
		SolutionGuid = {15975760-D8F2-4691-A3F1-261267DC1660}
	EndGlobalSection
EndGlobal
